{
  "nodes": {
    "configInputs": {
      "inputs": {
        "emacs-overlay": "emacs-overlay",
        "home-manager": "home-manager",
        "nixerus": "nixerus",
        "nixos-hardware": "nixos-hardware",
        "nixpkgs": [
          "nixpkgs"
        ],
        "nur": "nur_2"
      },
      "locked": {
        "lastModified": 1698402907,
        "narHash": "sha256-UlpPCLpyNEoQ7Enb0AhhIM8d7lC/2BWd8+fjNm9N/GY=",
        "owner": "materusPL",
        "repo": "nixos-config",
        "rev": "06a35210af4b8586a2b3d64815a67e3516ce732a",
        "type": "github"
      },
      "original": {
        "owner": "materusPL",
        "ref": "inputs",
        "repo": "nixos-config",
        "type": "github"
      }
    },
    "configInputs-stable": {
      "inputs": {
        "emacs-overlay": "emacs-overlay_2",
        "home-manager": "home-manager_2",
        "nixerus": "nixerus_2",
        "nixos-hardware": "nixos-hardware_2",
        "nixpkgs": [
          "nixpkgs-stable"
        ],
        "nur": "nur_4"
      },
      "locked": {
        "lastModified": 1698402907,
        "narHash": "sha256-UlpPCLpyNEoQ7Enb0AhhIM8d7lC/2BWd8+fjNm9N/GY=",
        "owner": "materusPL",
        "repo": "nixos-config",
        "rev": "06a35210af4b8586a2b3d64815a67e3516ce732a",
        "type": "github"
      },
      "original": {
        "owner": "materusPL",
        "ref": "inputs",
        "repo": "nixos-config",
        "type": "github"
      }
    },
    "emacs-overlay": {
      "inputs": {
        "flake-utils": "flake-utils",
        "nixpkgs": [
          "configInputs",
          "nixpkgs"
        ],
        "nixpkgs-stable": "nixpkgs-stable"
      },
      "locked": {
        "lastModified": 1698661082,
        "narHash": "sha256-ju60wCA5A+JpiGZV056kroBNvvyC9vNCyYb/eIwZaYo=",
        "owner": "nix-community",
        "repo": "emacs-overlay",
        "rev": "9716242daed6b500616e0d2378a06f5eba53ca2b",
        "type": "github"
      },
      "original": {
        "owner": "nix-community",
        "ref": "master",
        "repo": "emacs-overlay",
        "type": "github"
      }
    },
    "emacs-overlay_2": {
      "inputs": {
        "flake-utils": "flake-utils_2",
        "nixpkgs": [
          "configInputs-stable",
          "nixpkgs"
        ],
        "nixpkgs-stable": "nixpkgs-stable_2"
      },
      "locked": {
        "lastModified": 1698661082,
        "narHash": "sha256-ju60wCA5A+JpiGZV056kroBNvvyC9vNCyYb/eIwZaYo=",
        "owner": "nix-community",
        "repo": "emacs-overlay",
        "rev": "9716242daed6b500616e0d2378a06f5eba53ca2b",
        "type": "github"
      },
      "original": {
        "owner": "nix-community",
        "ref": "master",
        "repo": "emacs-overlay",
        "type": "github"
      }
    },
    "flake-utils": {
      "inputs": {
        "systems": "systems"
      },
      "locked": {
        "lastModified": 1694529238,
        "narHash": "sha256-zsNZZGTGnMOf9YpHKJqMSsa0dXbfmxeoJ7xHlrt+xmY=",
        "owner": "numtide",
        "repo": "flake-utils",
        "rev": "ff7b65b44d01cf9ba6a71320833626af21126384",
        "type": "github"
      },
      "original": {
        "owner": "numtide",
        "repo": "flake-utils",
        "type": "github"
      }
    },
    "flake-utils_2": {
      "inputs": {
        "systems": "systems_2"
      },
      "locked": {
        "lastModified": 1694529238,
        "narHash": "sha256-zsNZZGTGnMOf9YpHKJqMSsa0dXbfmxeoJ7xHlrt+xmY=",
        "owner": "numtide",
        "repo": "flake-utils",
        "rev": "ff7b65b44d01cf9ba6a71320833626af21126384",
        "type": "github"
      },
      "original": {
        "owner": "numtide",
        "repo": "flake-utils",
        "type": "github"
      }
    },
    "home-manager": {
      "inputs": {
        "nixpkgs": [
          "configInputs",
          "nixpkgs"
        ]
      },
      "locked": {
        "lastModified": 1698670511,
        "narHash": "sha256-jQIu3UhBMPHXzVkHQO1O2gg8SVo5lqAVoC6mOaLQcLQ=",
        "owner": "nix-community",
        "repo": "home-manager",
        "rev": "8e5416b478e465985eec274bc3a018024435c106",
        "type": "github"
      },
      "original": {
        "owner": "nix-community",
        "ref": "master",
        "repo": "home-manager",
        "type": "github"
      }
    },
    "home-manager_2": {
      "inputs": {
        "nixpkgs": "nixpkgs"
      },
      "locked": {
        "lastModified": 1695108154,
        "narHash": "sha256-gSg7UTVtls2yO9lKtP0yb66XBHT1Fx5qZSZbGMpSn2c=",
        "owner": "nix-community",
        "repo": "home-manager",
        "rev": "07682fff75d41f18327a871088d20af2710d4744",
        "type": "github"
      },
      "original": {
        "owner": "nix-community",
        "ref": "master",
        "repo": "home-manager",
        "type": "github"
      }
    },
    "home-manager_3": {
      "inputs": {
        "nixpkgs": "nixpkgs_2"
      },
      "locked": {
        "lastModified": 1698670511,
        "narHash": "sha256-jQIu3UhBMPHXzVkHQO1O2gg8SVo5lqAVoC6mOaLQcLQ=",
        "owner": "nix-community",
        "repo": "home-manager",
        "rev": "8e5416b478e465985eec274bc3a018024435c106",
        "type": "github"
      },
      "original": {
        "id": "home-manager",
        "type": "indirect"
      }
    },
    "nixerus": {
      "inputs": {
        "home-manager": [
          "configInputs",
          "home-manager"
        ],
        "nixpkgs": [
          "configInputs",
          "nixpkgs"
        ],
        "nur": "nur"
      },
      "locked": {
        "lastModified": 1698411224,
        "narHash": "sha256-y4Q7fl0YRkl+TDPxQLMDO1wtEDXLYn/kI3H4Ejn60Yo=",
        "owner": "materusPL",
        "repo": "Nixerus",
        "rev": "b94af8812cac55a1b33fd93cca52ab5a816ab03a",
        "type": "github"
      },
      "original": {
        "owner": "materusPL",
        "ref": "master",
        "repo": "Nixerus",
        "type": "github"
      }
    },
    "nixerus_2": {
      "inputs": {
        "home-manager": [
          "configInputs-stable",
          "home-manager"
        ],
        "nixpkgs": [
          "configInputs-stable",
          "nixpkgs"
        ],
        "nur": "nur_3"
      },
      "locked": {
        "lastModified": 1698411224,
        "narHash": "sha256-y4Q7fl0YRkl+TDPxQLMDO1wtEDXLYn/kI3H4Ejn60Yo=",
        "owner": "materusPL",
        "repo": "Nixerus",
        "rev": "b94af8812cac55a1b33fd93cca52ab5a816ab03a",
        "type": "github"
      },
      "original": {
        "owner": "materusPL",
        "ref": "master",
        "repo": "Nixerus",
        "type": "github"
      }
    },
    "nixos-hardware": {
      "locked": {
        "lastModified": 1698053470,
        "narHash": "sha256-sP8D/41UiwC2qn0X40oi+DfuVzNHMROqIWdSdCI/AYA=",
        "owner": "NixOS",
        "repo": "nixos-hardware",
        "rev": "80d98a7d55c6e27954a166cb583a41325e9512d7",
        "type": "github"
      },
      "original": {
        "owner": "NixOS",
        "ref": "master",
        "repo": "nixos-hardware",
        "type": "github"
      }
    },
    "nixos-hardware_2": {
      "locked": {
        "lastModified": 1698053470,
        "narHash": "sha256-sP8D/41UiwC2qn0X40oi+DfuVzNHMROqIWdSdCI/AYA=",
        "owner": "NixOS",
        "repo": "nixos-hardware",
        "rev": "80d98a7d55c6e27954a166cb583a41325e9512d7",
        "type": "github"
      },
      "original": {
        "owner": "NixOS",
        "ref": "master",
        "repo": "nixos-hardware",
        "type": "github"
      }
    },
    "nixpkgs": {
      "locked": {
        "lastModified": 1698434055,
        "narHash": "sha256-Phxi5mUKSoL7A0IYUiYtkI9e8NcGaaV5PJEaJApU1Ko=",
        "owner": "nixos",
        "repo": "nixpkgs",
        "rev": "1a3c95e3b23b3cdb26750621c08cc2f1560cb883",
        "type": "github"
      },
      "original": {
        "owner": "nixos",
        "ref": "nixos-23.05",
        "repo": "nixpkgs",
        "type": "github"
      }
    },
    "nixpkgs-stable": {
      "locked": {
        "lastModified": 1698434055,
        "narHash": "sha256-Phxi5mUKSoL7A0IYUiYtkI9e8NcGaaV5PJEaJApU1Ko=",
        "owner": "NixOS",
        "repo": "nixpkgs",
        "rev": "1a3c95e3b23b3cdb26750621c08cc2f1560cb883",
        "type": "github"
      },
      "original": {
        "owner": "NixOS",
        "ref": "nixos-23.05",
        "repo": "nixpkgs",
        "type": "github"
      }
    },
    "nixpkgs-stable_2": {
      "locked": {
        "lastModified": 1698434055,
        "narHash": "sha256-Phxi5mUKSoL7A0IYUiYtkI9e8NcGaaV5PJEaJApU1Ko=",
        "owner": "NixOS",
        "repo": "nixpkgs",
        "rev": "1a3c95e3b23b3cdb26750621c08cc2f1560cb883",
        "type": "github"
      },
      "original": {
        "owner": "NixOS",
        "ref": "nixos-23.05",
        "repo": "nixpkgs",
        "type": "github"
      }
    },
    "nixpkgs-stable_3": {
      "locked": {
        "lastModified": 1698434055,
        "narHash": "sha256-Phxi5mUKSoL7A0IYUiYtkI9e8NcGaaV5PJEaJApU1Ko=",
        "owner": "NixOS",
        "repo": "nixpkgs",
        "rev": "1a3c95e3b23b3cdb26750621c08cc2f1560cb883",
        "type": "github"
      },
      "original": {
        "owner": "NixOS",
        "ref": "nixos-23.05",
        "repo": "nixpkgs",
        "type": "github"
      }
    },
    "nixpkgs_2": {
      "locked": {
        "lastModified": 1697456312,
        "narHash": "sha256-roiSnrqb5r+ehnKCauPLugoU8S36KgmWraHgRqVYndo=",
        "owner": "NixOS",
        "repo": "nixpkgs",
        "rev": "ca012a02bf8327be9e488546faecae5e05d7d749",
        "type": "github"
      },
      "original": {
        "owner": "NixOS",
        "ref": "nixos-unstable",
        "repo": "nixpkgs",
        "type": "github"
      }
    },
    "nixpkgs_3": {
      "locked": {
        "lastModified": 1698318101,
        "narHash": "sha256-gUihHt3yPD7bVqg+k/UVHgngyaJ3DMEBchbymBMvK1E=",
        "owner": "NixOS",
        "repo": "nixpkgs",
        "rev": "63678e9f3d3afecfeafa0acead6239cdb447574c",
        "type": "github"
      },
      "original": {
        "owner": "NixOS",
        "ref": "nixos-unstable",
        "repo": "nixpkgs",
        "type": "github"
      }
    },
    "nur": {
      "locked": {
        "lastModified": 1696758426,
        "narHash": "sha256-8ebGev/aEoy9NUhexXLg1gFtcdgT+pmYXoc1rg4U5TM=",
        "owner": "nix-community",
        "repo": "NUR",
        "rev": "2a1a76ccc91abc61c09521931253f9fe9e012a85",
        "type": "github"
      },
      "original": {
        "id": "nur",
        "type": "indirect"
      }
    },
    "nur_2": {
      "locked": {
        "lastModified": 1698673581,
        "narHash": "sha256-lidNMJ2f+f4Zjr9U0iUxDRAcToMHHGGwhchLZRKYA34=",
        "owner": "nix-community",
        "repo": "NUR",
        "rev": "9a1a107fc246a416e44e2e965a31d79983614541",
        "type": "github"
      },
      "original": {
        "owner": "nix-community",
        "ref": "master",
        "repo": "NUR",
        "type": "github"
      }
    },
    "nur_3": {
      "locked": {
        "lastModified": 1696758426,
        "narHash": "sha256-8ebGev/aEoy9NUhexXLg1gFtcdgT+pmYXoc1rg4U5TM=",
        "owner": "nix-community",
        "repo": "NUR",
        "rev": "2a1a76ccc91abc61c09521931253f9fe9e012a85",
        "type": "github"
      },
      "original": {
        "id": "nur",
        "type": "indirect"
      }
    },
    "nur_4": {
      "locked": {
        "lastModified": 1698673581,
        "narHash": "sha256-lidNMJ2f+f4Zjr9U0iUxDRAcToMHHGGwhchLZRKYA34=",
        "owner": "nix-community",
        "repo": "NUR",
        "rev": "9a1a107fc246a416e44e2e965a31d79983614541",
        "type": "github"
      },
      "original": {
        "owner": "nix-community",
        "ref": "master",
        "repo": "NUR",
        "type": "github"
      }
    },
    "nur_5": {
      "locked": {
        "lastModified": 1698673581,
        "narHash": "sha256-lidNMJ2f+f4Zjr9U0iUxDRAcToMHHGGwhchLZRKYA34=",
        "owner": "nix-community",
        "repo": "NUR",
        "rev": "9a1a107fc246a416e44e2e965a31d79983614541",
        "type": "github"
      },
      "original": {
        "id": "nur",
        "type": "indirect"
      }
    },
    "private": {
      "locked": {
        "lastModified": 1684365822,
        "narHash": "sha256-qly3A3GgIYYwCSYIrmYRI7SJ6Q1I4Mo2zipJOrj50r0=",
        "owner": "materusPL",
        "repo": "Nixerus",
        "rev": "f07f3e99a7cd8680dd6bb082108a67830857e542",
        "type": "github"
      },
      "original": {
        "owner": "materusPL",
        "ref": "mock",
        "repo": "Nixerus",
        "type": "github"
      }
    },
    "root": {
      "inputs": {
        "configInputs": "configInputs",
        "configInputs-stable": "configInputs-stable",
        "home-manager": "home-manager_3",
        "nixpkgs": "nixpkgs_3",
        "nixpkgs-stable": "nixpkgs-stable_3",
        "nur": "nur_5",
        "private": "private"
      }
    },
    "systems": {
      "locked": {
        "lastModified": 1681028828,
        "narHash": "sha256-Vy1rq5AaRuLzOxct8nz4T6wlgyUR7zLU309k9mBC768=",
        "owner": "nix-systems",
        "repo": "default",
        "rev": "da67096a3b9bf56a91d16901293e51ba5b49a27e",
        "type": "github"
      },
      "original": {
        "owner": "nix-systems",
        "repo": "default",
        "type": "github"
      }
    },
    "systems_2": {
      "locked": {
        "lastModified": 1681028828,
        "narHash": "sha256-Vy1rq5AaRuLzOxct8nz4T6wlgyUR7zLU309k9mBC768=",
        "owner": "nix-systems",
        "repo": "default",
        "rev": "da67096a3b9bf56a91d16901293e51ba5b49a27e",
        "type": "github"
      },
      "original": {
        "owner": "nix-systems",
        "repo": "default",
        "type": "github"
      }
    }
  },
  "root": "root",
  "version": 7
}
