{
  "nodes": {
    "configInputs": {
      "inputs": {
        "emacs-overlay": "emacs-overlay",
        "home-manager": "home-manager",
        "nixerus": "nixerus",
        "nixpkgs": [
          "nixpkgs"
        ],
        "nur": "nur_2"
      },
      "locked": {
        "lastModified": 1696774666,
        "narHash": "sha256-kqSXbAPQdkUadGsQL/bH9FBV/y4+d2g3GJxJHafquS4=",
        "owner": "materusPL",
        "repo": "nixos-config",
        "rev": "cae14663b542afa8140c72b8aa42cd42cf7b0151",
        "type": "github"
      },
      "original": {
        "owner": "materusPL",
        "ref": "inputs",
        "repo": "nixos-config",
        "type": "github"
      }
    },
    "emacs-overlay": {
      "inputs": {
        "flake-utils": "flake-utils",
        "nixpkgs": [
          "configInputs",
          "nixpkgs"
        ],
        "nixpkgs-stable": "nixpkgs-stable"
      },
      "locked": {
        "lastModified": 1697624239,
        "narHash": "sha256-DWUwNsb6m552+XhXIaqqHMv4AZFhHFRv/yshyNw94ng=",
        "owner": "nix-community",
        "repo": "emacs-overlay",
        "rev": "82b81829dd689bbc397ead6615c1f1f212acb80d",
        "type": "github"
      },
      "original": {
        "owner": "nix-community",
        "ref": "master",
        "repo": "emacs-overlay",
        "type": "github"
      }
    },
    "flake-utils": {
      "inputs": {
        "systems": "systems"
      },
      "locked": {
        "lastModified": 1694529238,
        "narHash": "sha256-zsNZZGTGnMOf9YpHKJqMSsa0dXbfmxeoJ7xHlrt+xmY=",
        "owner": "numtide",
        "repo": "flake-utils",
        "rev": "ff7b65b44d01cf9ba6a71320833626af21126384",
        "type": "github"
      },
      "original": {
        "owner": "numtide",
        "repo": "flake-utils",
        "type": "github"
      }
    },
    "home-manager": {
      "inputs": {
        "nixpkgs": [
          "configInputs",
          "nixpkgs"
        ]
      },
      "locked": {
        "lastModified": 1697611555,
        "narHash": "sha256-8nYMduRQfGSQJr2cDMyodsuGlRcJAy0Ko8K4KkjurP8=",
        "owner": "nix-community",
        "repo": "home-manager",
        "rev": "05649393ac1f34980a5cf6a6e89de77626c9182b",
        "type": "github"
      },
      "original": {
        "owner": "nix-community",
        "ref": "master",
        "repo": "home-manager",
        "type": "github"
      }
    },
    "home-manager_2": {
      "inputs": {
        "nixpkgs": "nixpkgs"
      },
      "locked": {
        "lastModified": 1697611555,
        "narHash": "sha256-8nYMduRQfGSQJr2cDMyodsuGlRcJAy0Ko8K4KkjurP8=",
        "owner": "nix-community",
        "repo": "home-manager",
        "rev": "05649393ac1f34980a5cf6a6e89de77626c9182b",
        "type": "github"
      },
      "original": {
        "id": "home-manager",
        "type": "indirect"
      }
    },
    "nixerus": {
      "inputs": {
        "home-manager": [
          "configInputs",
          "home-manager"
        ],
        "nixpkgs": [
          "configInputs",
          "nixpkgs"
        ],
        "nur": "nur"
      },
      "locked": {
        "lastModified": 1697559790,
        "narHash": "sha256-Ng2qfFpEzd1fQ2ShQX1rIhOmPdb6G7OWf4WHi+6xOTY=",
        "owner": "materusPL",
        "repo": "Nixerus",
        "rev": "6ec3246ae2aa31c66a6acedf2fef800334698682",
        "type": "github"
      },
      "original": {
        "owner": "materusPL",
        "ref": "master",
        "repo": "Nixerus",
        "type": "github"
      }
    },
    "nixpkgs": {
      "locked": {
        "lastModified": 1697059129,
        "narHash": "sha256-9NJcFF9CEYPvHJ5ckE8kvINvI84SZZ87PvqMbH6pro0=",
        "owner": "NixOS",
        "repo": "nixpkgs",
        "rev": "5e4c2ada4fcd54b99d56d7bd62f384511a7e2593",
        "type": "github"
      },
      "original": {
        "owner": "NixOS",
        "ref": "nixos-unstable",
        "repo": "nixpkgs",
        "type": "github"
      }
    },
    "nixpkgs-stable": {
      "locked": {
        "lastModified": 1697226376,
        "narHash": "sha256-cumLLb1QOUtWieUnLGqo+ylNt3+fU8Lcv5Zl+tYbRUE=",
        "owner": "NixOS",
        "repo": "nixpkgs",
        "rev": "898cb2064b6e98b8c5499f37e81adbdf2925f7c5",
        "type": "github"
      },
      "original": {
        "owner": "NixOS",
        "ref": "nixos-23.05",
        "repo": "nixpkgs",
        "type": "github"
      }
    },
    "nixpkgs_2": {
      "locked": {
        "lastModified": 1697456312,
        "narHash": "sha256-roiSnrqb5r+ehnKCauPLugoU8S36KgmWraHgRqVYndo=",
        "owner": "NixOS",
        "repo": "nixpkgs",
        "rev": "ca012a02bf8327be9e488546faecae5e05d7d749",
        "type": "github"
      },
      "original": {
        "owner": "NixOS",
        "ref": "nixos-unstable",
        "repo": "nixpkgs",
        "type": "github"
      }
    },
    "nur": {
      "locked": {
        "lastModified": 1696758426,
        "narHash": "sha256-8ebGev/aEoy9NUhexXLg1gFtcdgT+pmYXoc1rg4U5TM=",
        "owner": "nix-community",
        "repo": "NUR",
        "rev": "2a1a76ccc91abc61c09521931253f9fe9e012a85",
        "type": "github"
      },
      "original": {
        "id": "nur",
        "type": "indirect"
      }
    },
    "nur_2": {
      "locked": {
        "lastModified": 1697620530,
        "narHash": "sha256-yP1UqYQXHrA7QmXUHqlx9lVEBjzmtLPOJwmEk8fyUeY=",
        "owner": "nix-community",
        "repo": "NUR",
        "rev": "51314cbd9e37c1ed544e336b60a0ac73e1709a13",
        "type": "github"
      },
      "original": {
        "owner": "nix-community",
        "ref": "master",
        "repo": "NUR",
        "type": "github"
      }
    },
    "nur_3": {
      "locked": {
        "lastModified": 1697620530,
        "narHash": "sha256-yP1UqYQXHrA7QmXUHqlx9lVEBjzmtLPOJwmEk8fyUeY=",
        "owner": "nix-community",
        "repo": "NUR",
        "rev": "51314cbd9e37c1ed544e336b60a0ac73e1709a13",
        "type": "github"
      },
      "original": {
        "id": "nur",
        "type": "indirect"
      }
    },
    "private": {
      "locked": {
        "lastModified": 1684365822,
        "narHash": "sha256-qly3A3GgIYYwCSYIrmYRI7SJ6Q1I4Mo2zipJOrj50r0=",
        "owner": "materusPL",
        "repo": "Nixerus",
        "rev": "f07f3e99a7cd8680dd6bb082108a67830857e542",
        "type": "github"
      },
      "original": {
        "owner": "materusPL",
        "ref": "mock",
        "repo": "Nixerus",
        "type": "github"
      }
    },
    "root": {
      "inputs": {
        "configInputs": "configInputs",
        "home-manager": "home-manager_2",
        "nixpkgs": "nixpkgs_2",
        "nur": "nur_3",
        "private": "private"
      }
    },
    "systems": {
      "locked": {
        "lastModified": 1681028828,
        "narHash": "sha256-Vy1rq5AaRuLzOxct8nz4T6wlgyUR7zLU309k9mBC768=",
        "owner": "nix-systems",
        "repo": "default",
        "rev": "da67096a3b9bf56a91d16901293e51ba5b49a27e",
        "type": "github"
      },
      "original": {
        "owner": "nix-systems",
        "repo": "default",
        "type": "github"
      }
    }
  },
  "root": "root",
  "version": 7
}
