{
  "nodes": {
    "configInputs": {
      "inputs": {
        "emacs-overlay": "emacs-overlay",
        "home-manager": "home-manager",
        "nixerus": "nixerus",
        "nixpkgs": [
          "nixpkgs"
        ],
        "nur": "nur_2"
      },
      "locked": {
        "lastModified": 1696774666,
        "narHash": "sha256-kqSXbAPQdkUadGsQL/bH9FBV/y4+d2g3GJxJHafquS4=",
        "owner": "materusPL",
        "repo": "nixos-config",
        "rev": "cae14663b542afa8140c72b8aa42cd42cf7b0151",
        "type": "github"
      },
      "original": {
        "owner": "materusPL",
        "ref": "inputs",
        "repo": "nixos-config",
        "type": "github"
      }
    },
    "emacs-overlay": {
      "inputs": {
        "flake-utils": "flake-utils",
        "nixpkgs": [
          "configInputs",
          "nixpkgs"
        ],
        "nixpkgs-stable": "nixpkgs-stable"
      },
      "locked": {
        "lastModified": 1698169740,
        "narHash": "sha256-0p7oPZpQwE969gJ3XxNSN1KEKQQ/75Wt8+Vw8hHnTBA=",
        "owner": "nix-community",
        "repo": "emacs-overlay",
        "rev": "7fe9fac2a61c2e476bbb586f20ab4872072e2868",
        "type": "github"
      },
      "original": {
        "owner": "nix-community",
        "ref": "master",
        "repo": "emacs-overlay",
        "type": "github"
      }
    },
    "flake-utils": {
      "inputs": {
        "systems": "systems"
      },
      "locked": {
        "lastModified": 1694529238,
        "narHash": "sha256-zsNZZGTGnMOf9YpHKJqMSsa0dXbfmxeoJ7xHlrt+xmY=",
        "owner": "numtide",
        "repo": "flake-utils",
        "rev": "ff7b65b44d01cf9ba6a71320833626af21126384",
        "type": "github"
      },
      "original": {
        "owner": "numtide",
        "repo": "flake-utils",
        "type": "github"
      }
    },
    "home-manager": {
      "inputs": {
        "nixpkgs": [
          "configInputs",
          "nixpkgs"
        ]
      },
      "locked": {
        "lastModified": 1698128422,
        "narHash": "sha256-Qf39ATHrj6wfeC+K6uwD/FnI7RKrdEiN3uWaciUi0rM=",
        "owner": "nix-community",
        "repo": "home-manager",
        "rev": "6045b68ee725167ed0487f0fb88123202ba61923",
        "type": "github"
      },
      "original": {
        "owner": "nix-community",
        "ref": "master",
        "repo": "home-manager",
        "type": "github"
      }
    },
    "home-manager_2": {
      "inputs": {
        "nixpkgs": "nixpkgs"
      },
      "locked": {
        "lastModified": 1698128422,
        "narHash": "sha256-Qf39ATHrj6wfeC+K6uwD/FnI7RKrdEiN3uWaciUi0rM=",
        "owner": "nix-community",
        "repo": "home-manager",
        "rev": "6045b68ee725167ed0487f0fb88123202ba61923",
        "type": "github"
      },
      "original": {
        "id": "home-manager",
        "type": "indirect"
      }
    },
    "nixerus": {
      "inputs": {
        "home-manager": [
          "configInputs",
          "home-manager"
        ],
        "nixpkgs": [
          "configInputs",
          "nixpkgs"
        ],
        "nur": "nur"
      },
      "locked": {
        "lastModified": 1698175494,
        "narHash": "sha256-NtyuuJGBFpaCqNsEVW9JZT8/3Zp2N8oi/W5GIpCDg9Y=",
        "ref": "refs/heads/testing",
        "rev": "b27a11bb37445c941cb5ad610292358a5d184773",
        "revCount": 123,
        "type": "git",
        "url": "file:///materus/config/Nixerus"
      },
      "original": {
        "owner": "materusPL",
        "ref": "master",
        "repo": "Nixerus",
        "type": "github"
      }
    },
    "nixpkgs": {
      "locked": {
        "lastModified": 1697456312,
        "narHash": "sha256-roiSnrqb5r+ehnKCauPLugoU8S36KgmWraHgRqVYndo=",
        "owner": "NixOS",
        "repo": "nixpkgs",
        "rev": "ca012a02bf8327be9e488546faecae5e05d7d749",
        "type": "github"
      },
      "original": {
        "owner": "NixOS",
        "ref": "nixos-unstable",
        "repo": "nixpkgs",
        "type": "github"
      }
    },
    "nixpkgs-stable": {
      "locked": {
        "lastModified": 1697851979,
        "narHash": "sha256-lJ8k4qkkwdvi+t/Xc6Fn74kUuobpu9ynPGxNZR6OwoA=",
        "owner": "NixOS",
        "repo": "nixpkgs",
        "rev": "5550a85a087c04ddcace7f892b0bdc9d8bb080c8",
        "type": "github"
      },
      "original": {
        "owner": "NixOS",
        "ref": "nixos-23.05",
        "repo": "nixpkgs",
        "type": "github"
      }
    },
    "nixpkgs_2": {
      "locked": {
        "lastModified": 1697723726,
        "narHash": "sha256-SaTWPkI8a5xSHX/rrKzUe+/uVNy6zCGMXgoeMb7T9rg=",
        "owner": "NixOS",
        "repo": "nixpkgs",
        "rev": "7c9cc5a6e5d38010801741ac830a3f8fd667a7a0",
        "type": "github"
      },
      "original": {
        "owner": "NixOS",
        "ref": "nixos-unstable",
        "repo": "nixpkgs",
        "type": "github"
      }
    },
    "nur": {
      "locked": {
        "lastModified": 1696758426,
        "narHash": "sha256-8ebGev/aEoy9NUhexXLg1gFtcdgT+pmYXoc1rg4U5TM=",
        "owner": "nix-community",
        "repo": "NUR",
        "rev": "2a1a76ccc91abc61c09521931253f9fe9e012a85",
        "type": "github"
      },
      "original": {
        "id": "nur",
        "type": "indirect"
      }
    },
    "nur_2": {
      "locked": {
        "lastModified": 1698169592,
        "narHash": "sha256-KBDKzeQE5nOEZtmjvPqg+Pc/dB4rYM7MUQ8I3AFKEl0=",
        "owner": "nix-community",
        "repo": "NUR",
        "rev": "468cc0c10a766f5ace6f66d7f46f1b7c42b8b9ac",
        "type": "github"
      },
      "original": {
        "owner": "nix-community",
        "ref": "master",
        "repo": "NUR",
        "type": "github"
      }
    },
    "nur_3": {
      "locked": {
        "lastModified": 1698169592,
        "narHash": "sha256-KBDKzeQE5nOEZtmjvPqg+Pc/dB4rYM7MUQ8I3AFKEl0=",
        "owner": "nix-community",
        "repo": "NUR",
        "rev": "468cc0c10a766f5ace6f66d7f46f1b7c42b8b9ac",
        "type": "github"
      },
      "original": {
        "id": "nur",
        "type": "indirect"
      }
    },
    "private": {
      "locked": {
        "lastModified": 1684365822,
        "narHash": "sha256-qly3A3GgIYYwCSYIrmYRI7SJ6Q1I4Mo2zipJOrj50r0=",
        "owner": "materusPL",
        "repo": "Nixerus",
        "rev": "f07f3e99a7cd8680dd6bb082108a67830857e542",
        "type": "github"
      },
      "original": {
        "owner": "materusPL",
        "ref": "mock",
        "repo": "Nixerus",
        "type": "github"
      }
    },
    "root": {
      "inputs": {
        "configInputs": "configInputs",
        "home-manager": "home-manager_2",
        "nixpkgs": "nixpkgs_2",
        "nur": "nur_3",
        "private": "private"
      }
    },
    "systems": {
      "locked": {
        "lastModified": 1681028828,
        "narHash": "sha256-Vy1rq5AaRuLzOxct8nz4T6wlgyUR7zLU309k9mBC768=",
        "owner": "nix-systems",
        "repo": "default",
        "rev": "da67096a3b9bf56a91d16901293e51ba5b49a27e",
        "type": "github"
      },
      "original": {
        "owner": "nix-systems",
        "repo": "default",
        "type": "github"
      }
    }
  },
  "root": "root",
  "version": 7
}
